
Microsoft Visual Studio Solution File, Format Version 12.00
# Visual Studio Version 17
VisualStudioVersion = 17.11.35303.130
MinimumVisualStudioVersion = 10.0.40219.1
Project("{2150E333-8FDC-42A3-9474-1A3956D46DE8}") = "Application", "Application", "{CEAD6B84-2397-4A63-AC90-0855C4BB66DB}"
EndProject
Project("{2150E333-8FDC-42A3-9474-1A3956D46DE8}") = "Domain", "Domain", "{3A941913-EAB0-4878-AB0E-48BC7DA4C3CA}"
EndProject
Project("{2150E333-8FDC-42A3-9474-1A3956D46DE8}") = "Infrastructure", "Infrastructure", "{CAD88BB9-9066-4337-8EDA-742EFA9DE400}"
EndProject
Project("{2150E333-8FDC-42A3-9474-1A3956D46DE8}") = "Presentation", "Presentation", "{5ABA6421-2516-46C8-ADA5-EFD450B6BC54}"
EndProject
Project("{2150E333-8FDC-42A3-9474-1A3956D46DE8}") = "Tests", "Tests", "{9749CCF5-7AEA-4B66-8B30-10C40FF9BAA7}"
EndProject
Project("{9A19103F-16F7-4668-BE54-9A1E7A4F7556}") = "QFAMCT_HSZF_2024251.Application", "Application\QFAMCT_HSZF_2024251.Application.csproj", "{BB89010E-C2B9-4DF6-AA61-40F4F27CF408}"
EndProject
Project("{9A19103F-16F7-4668-BE54-9A1E7A4F7556}") = "QFAMCT_HSZF_2024251.Model", "Model\QFAMCT_HSZF_2024251.Model.csproj", "{8B04B94D-1FAD-4B7D-AC87-DE405E1A8029}"
EndProject
Project("{9A19103F-16F7-4668-BE54-9A1E7A4F7556}") = "QFAMCT_HSZF_2024251.Persistence.MsSql", "MsSql\QFAMCT_HSZF_2024251.Persistence.MsSql.csproj", "{5A01BB4D-9447-4609-B00B-CDC033BEDE08}"
EndProject
Project("{9A19103F-16F7-4668-BE54-9A1E7A4F7556}") = "QFAMCT_HSZF_2024251.Console", "Console\QFAMCT_HSZF_2024251.Console.csproj", "{441D7FB8-1997-4F2E-86A0-CBD5AD53BFB4}"
EndProject
Project("{9A19103F-16F7-4668-BE54-9A1E7A4F7556}") = "QFAMCT_HSZF_2024251.Test", "Test\QFAMCT_HSZF_2024251.Test.csproj", "{3EAD247B-8613-4961-A186-981E297B40BC}"
EndProject
Project("{2150E333-8FDC-42A3-9474-1A3956D46DE8}") = "Solution Items", "Solution Items", "{2BB4D4C4-77AC-42BA-92F4-ABCF6C908F77}"
	ProjectSection(SolutionItems) = preProject
		JSON.json = JSON.json
		NOSJ.json = NOSJ.json
	EndProjectSection
EndProject
Global
	GlobalSection(SolutionConfigurationPlatforms) = preSolution
		Debug|Any CPU = Debug|Any CPU
		Release|Any CPU = Release|Any CPU
	EndGlobalSection
	GlobalSection(ProjectConfigurationPlatforms) = postSolution
		{BB89010E-C2B9-4DF6-AA61-40F4F27CF408}.Debug|Any CPU.ActiveCfg = Debug|Any CPU
		{BB89010E-C2B9-4DF6-AA61-40F4F27CF408}.Debug|Any CPU.Build.0 = Debug|Any CPU
		{BB89010E-C2B9-4DF6-AA61-40F4F27CF408}.Release|Any CPU.ActiveCfg = Release|Any CPU
		{BB89010E-C2B9-4DF6-AA61-40F4F27CF408}.Release|Any CPU.Build.0 = Release|Any CPU
		{8B04B94D-1FAD-4B7D-AC87-DE405E1A8029}.Debug|Any CPU.ActiveCfg = Debug|Any CPU
		{8B04B94D-1FAD-4B7D-AC87-DE405E1A8029}.Debug|Any CPU.Build.0 = Debug|Any CPU
		{8B04B94D-1FAD-4B7D-AC87-DE405E1A8029}.Release|Any CPU.ActiveCfg = Release|Any CPU
		{8B04B94D-1FAD-4B7D-AC87-DE405E1A8029}.Release|Any CPU.Build.0 = Release|Any CPU
		{5A01BB4D-9447-4609-B00B-CDC033BEDE08}.Debug|Any CPU.ActiveCfg = Debug|Any CPU
		{5A01BB4D-9447-4609-B00B-CDC033BEDE08}.Debug|Any CPU.Build.0 = Debug|Any CPU
		{5A01BB4D-9447-4609-B00B-CDC033BEDE08}.Release|Any CPU.ActiveCfg = Release|Any CPU
		{5A01BB4D-9447-4609-B00B-CDC033BEDE08}.Release|Any CPU.Build.0 = Release|Any CPU
		{441D7FB8-1997-4F2E-86A0-CBD5AD53BFB4}.Debug|Any CPU.ActiveCfg = Debug|Any CPU
		{441D7FB8-1997-4F2E-86A0-CBD5AD53BFB4}.Debug|Any CPU.Build.0 = Debug|Any CPU
		{441D7FB8-1997-4F2E-86A0-CBD5AD53BFB4}.Release|Any CPU.ActiveCfg = Release|Any CPU
		{441D7FB8-1997-4F2E-86A0-CBD5AD53BFB4}.Release|Any CPU.Build.0 = Release|Any CPU
		{3EAD247B-8613-4961-A186-981E297B40BC}.Debug|Any CPU.ActiveCfg = Debug|Any CPU
		{3EAD247B-8613-4961-A186-981E297B40BC}.Debug|Any CPU.Build.0 = Debug|Any CPU
		{3EAD247B-8613-4961-A186-981E297B40BC}.Release|Any CPU.ActiveCfg = Release|Any CPU
		{3EAD247B-8613-4961-A186-981E297B40BC}.Release|Any CPU.Build.0 = Release|Any CPU
	EndGlobalSection
	GlobalSection(SolutionProperties) = preSolution
		HideSolutionNode = FALSE
	EndGlobalSection
	GlobalSection(NestedProjects) = preSolution
		{BB89010E-C2B9-4DF6-AA61-40F4F27CF408} = {CEAD6B84-2397-4A63-AC90-0855C4BB66DB}
		{8B04B94D-1FAD-4B7D-AC87-DE405E1A8029} = {3A941913-EAB0-4878-AB0E-48BC7DA4C3CA}
		{5A01BB4D-9447-4609-B00B-CDC033BEDE08} = {CAD88BB9-9066-4337-8EDA-742EFA9DE400}
		{441D7FB8-1997-4F2E-86A0-CBD5AD53BFB4} = {5ABA6421-2516-46C8-ADA5-EFD450B6BC54}
		{3EAD247B-8613-4961-A186-981E297B40BC} = {9749CCF5-7AEA-4B66-8B30-10C40FF9BAA7}
	EndGlobalSection
	GlobalSection(ExtensibilityGlobals) = postSolution
		SolutionGuid = {5A15775D-208B-4D0F-883E-6657706C6CC2}
	EndGlobalSection
EndGlobal
